
Microsoft Visual Studio Solution File, Format Version 12.00
# Visual Studio 2013
VisualStudioVersion = 12.0.40629.0
MinimumVisualStudioVersion = 10.0.40219.1
Project("{FAE04EC0-301F-11D3-BF4B-00C04F79EFBC}") = "ContractPayroll", "ContractPayroll.csproj", "{BD3C584C-4B99-48F7-9B9D-3FB40124C782}"
EndProject
Global
	GlobalSection(SolutionConfigurationPlatforms) = preSolution
		Debug|Any CPU = Debug|Any CPU
		Release|Any CPU = Release|Any CPU
	EndGlobalSection
	GlobalSection(ProjectConfigurationPlatforms) = postSolution
		{BD3C584C-4B99-48F7-9B9D-3FB40124C782}.Debug|Any CPU.ActiveCfg = Debug|Any CPU
		{BD3C584C-4B99-48F7-9B9D-3FB40124C782}.Debug|Any CPU.Build.0 = Debug|Any CPU
		{BD3C584C-4B99-48F7-9B9D-3FB40124C782}.Release|Any CPU.ActiveCfg = Release|Any CPU
		{BD3C584C-4B99-48F7-9B9D-3FB40124C782}.Release|Any CPU.Build.0 = Release|Any CPU
	EndGlobalSection
	GlobalSection(SolutionProperties) = preSolution
		HideSolutionNode = FALSE
	EndGlobalSection
EndGlobal
